github.com/rsa17826/go-arg-lib v0.0.48 h1:JPrAzR3z2LpRHjNfIab3Endoz+Jdm9Kwb048D/nr74k=
github.com/rsa17826/go-arg-lib v0.0.48/go.mod h1:eP/bXinIXD6bZWBMqk9eZJfkkKUcl66j0uuz1amrsdU=
github.com/rsa17826/go-arg-lib v0.0.62 h1:6lchuw/Fh4ati4JRH5g3b6DXkxJeGvo8zThVXiPlLmc=
github.com/rsa17826/go-arg-lib v0.0.62/go.mod h1:sN7i15fgxZHsrFWmLlTFymhutV2wly9MNxF3BrgR0aw=
github.com/rsa17826/go-arg-lib v0.0.63 h1:P78aFKnYiALmpaNubO2Y1dXjIDsNBM/kKPD/qSmht6w=
github.com/rsa17826/go-arg-lib v0.0.63/go.mod h1:sN7i15fgxZHsrFWmLlTFymhutV2wly9MNxF3BrgR0aw=
github.com/rsa17826/go-arg-lib v0.0.64 h1:f65uCzDL8tDBTZJBHAKFb5fzbsZ7aN8hf9n/TK+cSgg=
github.com/rsa17826/go-arg-lib v0.0.64/go.mod h1:eP/bXinIXD6bZWBMqk9eZJfkkKUcl66j0uuz1amrsdU=
github.com/rsa17826/go-arg-lib v0.0.65 h1:TBlOE4/JLz9JDchaVI7G9uKvFtSsjwV/37Yt51uMuH0=
github.com/rsa17826/go-arg-lib v0.0.65/go.mod h1:eP/bXinIXD6bZWBMqk9eZJfkkKUcl66j0uuz1amrsdU=
github.com/rsa17826/go-arg-lib v0.0.66 h1:vUiMw5NMKB6yKskkWF9I155OZb7T3h/W2M/7qkruA7Y=
github.com/rsa17826/go-arg-lib v0.0.66/go.mod h1:eP/bXinIXD6bZWBMqk9eZJfkkKUcl66j0uuz1amrsdU=
github.com/rsa17826/go-arg-lib v0.0.67 h1:O2sZzJZFhJ2gphkg5XV+miJjBKZEFCtAZEEATPZAvMY=
github.com/rsa17826/go-arg-lib v0.0.67/go.mod h1:eP/bXinIXD6bZWBMqk9eZJfkkKUcl66j0uuz1amrsdU=
golang.org/x/sys v0.44.0 h1:ildZl3J4uzeKP07r2F++Op7E9B29JRUy+a27EibtBTQ=
golang.org/x/sys v0.44.0/go.mod h1:4GL1E5IUh+htKOUEOaiffhrAeqysfVGipDYzABqnCmw=
